
Microsoft Visual Studio Solution File, Format Version 12.00
# Visual Studio 2013
VisualStudioVersion = 12.0.21005.1
MinimumVisualStudioVersion = 10.0.40219.1
Project("{FAE04EC0-301F-11D3-BF4B-00C04F79EFBC}") = "Nx.EF", "Nx.EF\Nx.EF.csproj", "{BDF8C9C9-7E10-48F9-8BB4-E5A6AE3A1616}"
EndProject
Project("{2150E333-8FDC-42A3-9474-1A3956D46DE8}") = ".nuget", ".nuget", "{3FE8302E-A69D-4E3F-9435-1C832B7EA2B9}"
	ProjectSection(SolutionItems) = preProject
		.nuget\NuGet.Config = .nuget\NuGet.Config
		.nuget\NuGet.exe = .nuget\NuGet.exe
		.nuget\NuGet.targets = .nuget\NuGet.targets
	EndProjectSection
EndProject
Project("{FAE04EC0-301F-11D3-BF4B-00C04F79EFBC}") = "Nx.EF.IntegrationTests", "Nx.EF.IntegrationTests\Nx.EF.IntegrationTests.csproj", "{CD007B54-875B-4FFF-9E66-4EA2EC2FAADE}"
EndProject
Project("{FAE04EC0-301F-11D3-BF4B-00C04F79EFBC}") = "Nx.EF.Package", "Nx.EF.Package\Nx.EF.Package.csproj", "{B147FF32-CEF6-469E-9361-2D0A8E0947BC}"
	ProjectSection(ProjectDependencies) = postProject
		{CD007B54-875B-4FFF-9E66-4EA2EC2FAADE} = {CD007B54-875B-4FFF-9E66-4EA2EC2FAADE}
		{BDF8C9C9-7E10-48F9-8BB4-E5A6AE3A1616} = {BDF8C9C9-7E10-48F9-8BB4-E5A6AE3A1616}
	EndProjectSection
EndProject
Global
	GlobalSection(SolutionConfigurationPlatforms) = preSolution
		Debug|Any CPU = Debug|Any CPU
		Release|Any CPU = Release|Any CPU
	EndGlobalSection
	GlobalSection(ProjectConfigurationPlatforms) = postSolution
		{BDF8C9C9-7E10-48F9-8BB4-E5A6AE3A1616}.Debug|Any CPU.ActiveCfg = Debug|Any CPU
		{BDF8C9C9-7E10-48F9-8BB4-E5A6AE3A1616}.Debug|Any CPU.Build.0 = Debug|Any CPU
		{BDF8C9C9-7E10-48F9-8BB4-E5A6AE3A1616}.Release|Any CPU.ActiveCfg = Release|Any CPU
		{BDF8C9C9-7E10-48F9-8BB4-E5A6AE3A1616}.Release|Any CPU.Build.0 = Release|Any CPU
		{CD007B54-875B-4FFF-9E66-4EA2EC2FAADE}.Debug|Any CPU.ActiveCfg = Debug|Any CPU
		{CD007B54-875B-4FFF-9E66-4EA2EC2FAADE}.Debug|Any CPU.Build.0 = Debug|Any CPU
		{CD007B54-875B-4FFF-9E66-4EA2EC2FAADE}.Release|Any CPU.ActiveCfg = Release|Any CPU
		{CD007B54-875B-4FFF-9E66-4EA2EC2FAADE}.Release|Any CPU.Build.0 = Release|Any CPU
		{B147FF32-CEF6-469E-9361-2D0A8E0947BC}.Debug|Any CPU.ActiveCfg = Debug|Any CPU
		{B147FF32-CEF6-469E-9361-2D0A8E0947BC}.Debug|Any CPU.Build.0 = Debug|Any CPU
		{B147FF32-CEF6-469E-9361-2D0A8E0947BC}.Release|Any CPU.ActiveCfg = Release|Any CPU
		{B147FF32-CEF6-469E-9361-2D0A8E0947BC}.Release|Any CPU.Build.0 = Release|Any CPU
	EndGlobalSection
	GlobalSection(SolutionProperties) = preSolution
		HideSolutionNode = FALSE
	EndGlobalSection
EndGlobal
