
Microsoft Visual Studio Solution File, Format Version 12.00
# Visual Studio 2013
VisualStudioVersion = 12.0.30501.0
MinimumVisualStudioVersion = 10.0.40219.1
Project("{2150E333-8FDC-42A3-9474-1A3956D46DE8}") = ".nuget", ".nuget", "{1157A6B5-479E-432C-BF23-23262921F133}"
	ProjectSection(SolutionItems) = preProject
		.nuget\NuGet.Config = .nuget\NuGet.Config
		.nuget\NuGet.exe = .nuget\NuGet.exe
	EndProjectSection
EndProject
Project("{2150E333-8FDC-42A3-9474-1A3956D46DE8}") = "Solution Items", "Solution Items", "{008471AA-46D8-45FA-BB31-DF83D1B369B5}"
	ProjectSection(SolutionItems) = preProject
		Rakefile.rb = Rakefile.rb
	EndProjectSection
EndProject
Project("{2150E333-8FDC-42A3-9474-1A3956D46DE8}") = ".build", ".build", "{7B51AA64-1288-4E1A-A948-A551179B0E05}"
	ProjectSection(SolutionItems) = preProject
		.build\build.system.rb = .build\build.system.rb
		.build\build.tools.rb = .build\build.tools.rb
		.build\nunit.rb = .build\nunit.rb
		.build\runtimeInvoker.rb = .build\runtimeInvoker.rb
	EndProjectSection
EndProject
Project("{2150E333-8FDC-42A3-9474-1A3956D46DE8}") = "Sources", "Sources", "{C891BAE8-0A07-461D-BB9A-5E71E818CF74}"
EndProject
Project("{2150E333-8FDC-42A3-9474-1A3956D46DE8}") = "Tests", "Tests", "{29E9B13C-444E-458F-80ED-2D0064B63664}"
EndProject
Project("{FAE04EC0-301F-11D3-BF4B-00C04F79EFBC}") = "Nx.Core", "Sources\Nx.Core\Nx.Core.csproj", "{7CF46FB7-2396-4C6E-A74F-13D61173EA41}"
EndProject
Project("{FAE04EC0-301F-11D3-BF4B-00C04F79EFBC}") = "Nx.Core.UnitTests", "Tests\Nx.Core.UnitTests\Nx.Core.UnitTests.csproj", "{3248C176-E4EF-4403-89BE-6B0D765AAA2A}"
EndProject
Project("{FAE04EC0-301F-11D3-BF4B-00C04F79EFBC}") = "Nx.Core.IntegrationTests", "Tests\Nx.Core.IntegrationTests\Nx.Core.IntegrationTests.csproj", "{EE8B8171-ABA3-4592-AA31-408E1ECC1762}"
EndProject
Global
	GlobalSection(SolutionConfigurationPlatforms) = preSolution
		Debug|Any CPU = Debug|Any CPU
		Release|Any CPU = Release|Any CPU
	EndGlobalSection
	GlobalSection(ProjectConfigurationPlatforms) = postSolution
		{7CF46FB7-2396-4C6E-A74F-13D61173EA41}.Debug|Any CPU.ActiveCfg = Debug|Any CPU
		{7CF46FB7-2396-4C6E-A74F-13D61173EA41}.Debug|Any CPU.Build.0 = Debug|Any CPU
		{7CF46FB7-2396-4C6E-A74F-13D61173EA41}.Release|Any CPU.ActiveCfg = Release|Any CPU
		{7CF46FB7-2396-4C6E-A74F-13D61173EA41}.Release|Any CPU.Build.0 = Release|Any CPU
		{3248C176-E4EF-4403-89BE-6B0D765AAA2A}.Debug|Any CPU.ActiveCfg = Debug|Any CPU
		{3248C176-E4EF-4403-89BE-6B0D765AAA2A}.Debug|Any CPU.Build.0 = Debug|Any CPU
		{3248C176-E4EF-4403-89BE-6B0D765AAA2A}.Release|Any CPU.ActiveCfg = Release|Any CPU
		{3248C176-E4EF-4403-89BE-6B0D765AAA2A}.Release|Any CPU.Build.0 = Release|Any CPU
		{EE8B8171-ABA3-4592-AA31-408E1ECC1762}.Debug|Any CPU.ActiveCfg = Debug|Any CPU
		{EE8B8171-ABA3-4592-AA31-408E1ECC1762}.Debug|Any CPU.Build.0 = Debug|Any CPU
		{EE8B8171-ABA3-4592-AA31-408E1ECC1762}.Release|Any CPU.ActiveCfg = Release|Any CPU
		{EE8B8171-ABA3-4592-AA31-408E1ECC1762}.Release|Any CPU.Build.0 = Release|Any CPU
	EndGlobalSection
	GlobalSection(SolutionProperties) = preSolution
		HideSolutionNode = FALSE
	EndGlobalSection
	GlobalSection(NestedProjects) = preSolution
		{7CF46FB7-2396-4C6E-A74F-13D61173EA41} = {C891BAE8-0A07-461D-BB9A-5E71E818CF74}
		{3248C176-E4EF-4403-89BE-6B0D765AAA2A} = {29E9B13C-444E-458F-80ED-2D0064B63664}
		{EE8B8171-ABA3-4592-AA31-408E1ECC1762} = {29E9B13C-444E-458F-80ED-2D0064B63664}
	EndGlobalSection
EndGlobal
