
Microsoft Visual Studio Solution File, Format Version 12.00
# Visual Studio 2013
VisualStudioVersion = 12.0.30219.0
MinimumVisualStudioVersion = 10.0.40219.1
Project("{2150E333-8FDC-42A3-9474-1A3956D46DE8}") = ".nuget", ".nuget", "{1157A6B5-479E-432C-BF23-23262921F133}"
	ProjectSection(SolutionItems) = preProject
		.nuget\NuGet.Config = .nuget\NuGet.Config
		.nuget\NuGet.exe = .nuget\NuGet.exe
		.nuget\NuGet.targets = .nuget\NuGet.targets
	EndProjectSection
EndProject
Project("{2150E333-8FDC-42A3-9474-1A3956D46DE8}") = "Core Framework", "Core Framework", "{3050529C-B2A9-4C1A-B715-EFCFF069F399}"
EndProject
Project("{FAE04EC0-301F-11D3-BF4B-00C04F79EFBC}") = "Nx.Domain", "Nx.Domain\Nx.Domain.csproj", "{3F65547F-9090-4C02-AF6D-F105B3C07CC7}"
EndProject
Project("{2150E333-8FDC-42A3-9474-1A3956D46DE8}") = "Domain", "Domain", "{DDB4BCF2-1794-49EF-8543-DBE60B84FBCF}"
EndProject
Project("{FAE04EC0-301F-11D3-BF4B-00C04F79EFBC}") = "Portable.Nx.Core", "Portable.Nx.Core\Portable.Nx.Core.csproj", "{84544A1C-58E2-43DB-AEE2-F35E9B5307F6}"
EndProject
Project("{FAE04EC0-301F-11D3-BF4B-00C04F79EFBC}") = "Nx.Core", "Nx.Core\Nx.Core.csproj", "{7CF46FB7-2396-4C6E-A74F-13D61173EA41}"
EndProject
Project("{FAE04EC0-301F-11D3-BF4B-00C04F79EFBC}") = "Nx.Core.Tests", "Nx.Core.Tests\Nx.Core.Tests.csproj", "{5A0F33E9-4915-4FE0-9BCE-80F873C47FEF}"
EndProject
Project("{FAE04EC0-301F-11D3-BF4B-00C04F79EFBC}") = "Nx.Mongo", "Nx.Mongo\Nx.Mongo.csproj", "{E24755CB-695B-486E-94C7-97D91476E902}"
EndProject
Project("{FAE04EC0-301F-11D3-BF4B-00C04F79EFBC}") = "Nx.Mongo.IntegrationTests", "Nx.Mongo.IntegrationTests\Nx.Mongo.IntegrationTests.csproj", "{1DEA19E0-788E-4EFA-98D4-7D0E625375F6}"
EndProject
Project("{2150E333-8FDC-42A3-9474-1A3956D46DE8}") = "Solution Items", "Solution Items", "{008471AA-46D8-45FA-BB31-DF83D1B369B5}"
	ProjectSection(SolutionItems) = preProject
		Rakefile.rb = Rakefile.rb
	EndProjectSection
EndProject
Project("{2150E333-8FDC-42A3-9474-1A3956D46DE8}") = "Tests", "Tests", "{6E46E81A-09D5-42BA-84E3-2352DD399330}"
EndProject
Project("{2150E333-8FDC-42A3-9474-1A3956D46DE8}") = "Tests", "Tests", "{BAD76903-9CF0-4BA4-B059-4C0B0C5BFA82}"
EndProject
Project("{2150E333-8FDC-42A3-9474-1A3956D46DE8}") = "Packages", "Packages", "{1AA6B3CE-D8CE-4BF0-A48A-A3277874B7C0}"
EndProject
Project("{FAE04EC0-301F-11D3-BF4B-00C04F79EFBC}") = "Nx.Logging", "Nx.Logging\Nx.Logging.csproj", "{E6F05303-2713-4109-AE21-94C0FAE615DA}"
EndProject
Project("{FAE04EC0-301F-11D3-BF4B-00C04F79EFBC}") = "Nx.Core.Package", "Nx.Core.Package\Nx.Core.Package.csproj", "{1E4888ED-2017-427D-AE66-9534ED45E147}"
EndProject
Project("{FAE04EC0-301F-11D3-BF4B-00C04F79EFBC}") = "Nx.Logging.Package", "Nx.Logging.Package\Nx.Logging.Package.csproj", "{4C8AC6FE-C775-41EC-AAA4-E63F7DA9819D}"
EndProject
Project("{FAE04EC0-301F-11D3-BF4B-00C04F79EFBC}") = "Portable.Nx.Core.Package", "Portable.Nx.Core.Package\Portable.Nx.Core.Package.csproj", "{B83DBF93-842F-4408-8A71-344C5AA0474B}"
EndProject
Project("{2150E333-8FDC-42A3-9474-1A3956D46DE8}") = ".build", ".build", "{7B51AA64-1288-4E1A-A948-A551179B0E05}"
	ProjectSection(SolutionItems) = preProject
		.build\build.system.rb = .build\build.system.rb
		.build\build.tools.rb = .build\build.tools.rb
		.build\nunit.rb = .build\nunit.rb
		.build\runtimeInvoker.rb = .build\runtimeInvoker.rb
	EndProjectSection
EndProject
Project("{FAE04EC0-301F-11D3-BF4B-00C04F79EFBC}") = "Nx.Domain.Infrastructure", "Nx.Domain.Infrastructure\Nx.Domain.Infrastructure.csproj", "{C9169AB5-F76D-4931-9DB0-FBAE9F367791}"
EndProject
Project("{FAE04EC0-301F-11D3-BF4B-00C04F79EFBC}") = "Nx.Domain.UnitTests", "Nx.Domain.UnitTests\Nx.Domain.UnitTests.csproj", "{67F68FBC-D15F-4CAD-8975-3B9AF993267B}"
EndProject
Global
	GlobalSection(SolutionConfigurationPlatforms) = preSolution
		Debug|Any CPU = Debug|Any CPU
		Release|Any CPU = Release|Any CPU
	EndGlobalSection
	GlobalSection(ProjectConfigurationPlatforms) = postSolution
		{3F65547F-9090-4C02-AF6D-F105B3C07CC7}.Debug|Any CPU.ActiveCfg = Debug|Any CPU
		{3F65547F-9090-4C02-AF6D-F105B3C07CC7}.Debug|Any CPU.Build.0 = Debug|Any CPU
		{3F65547F-9090-4C02-AF6D-F105B3C07CC7}.Release|Any CPU.ActiveCfg = Release|Any CPU
		{3F65547F-9090-4C02-AF6D-F105B3C07CC7}.Release|Any CPU.Build.0 = Release|Any CPU
		{84544A1C-58E2-43DB-AEE2-F35E9B5307F6}.Debug|Any CPU.ActiveCfg = Debug|Any CPU
		{84544A1C-58E2-43DB-AEE2-F35E9B5307F6}.Debug|Any CPU.Build.0 = Debug|Any CPU
		{84544A1C-58E2-43DB-AEE2-F35E9B5307F6}.Release|Any CPU.ActiveCfg = Release|Any CPU
		{84544A1C-58E2-43DB-AEE2-F35E9B5307F6}.Release|Any CPU.Build.0 = Release|Any CPU
		{7CF46FB7-2396-4C6E-A74F-13D61173EA41}.Debug|Any CPU.ActiveCfg = Debug|Any CPU
		{7CF46FB7-2396-4C6E-A74F-13D61173EA41}.Debug|Any CPU.Build.0 = Debug|Any CPU
		{7CF46FB7-2396-4C6E-A74F-13D61173EA41}.Release|Any CPU.ActiveCfg = Release|Any CPU
		{7CF46FB7-2396-4C6E-A74F-13D61173EA41}.Release|Any CPU.Build.0 = Release|Any CPU
		{5A0F33E9-4915-4FE0-9BCE-80F873C47FEF}.Debug|Any CPU.ActiveCfg = Debug|Any CPU
		{5A0F33E9-4915-4FE0-9BCE-80F873C47FEF}.Debug|Any CPU.Build.0 = Debug|Any CPU
		{5A0F33E9-4915-4FE0-9BCE-80F873C47FEF}.Release|Any CPU.ActiveCfg = Release|Any CPU
		{5A0F33E9-4915-4FE0-9BCE-80F873C47FEF}.Release|Any CPU.Build.0 = Release|Any CPU
		{E24755CB-695B-486E-94C7-97D91476E902}.Debug|Any CPU.ActiveCfg = Debug|Any CPU
		{E24755CB-695B-486E-94C7-97D91476E902}.Debug|Any CPU.Build.0 = Debug|Any CPU
		{E24755CB-695B-486E-94C7-97D91476E902}.Release|Any CPU.ActiveCfg = Release|Any CPU
		{E24755CB-695B-486E-94C7-97D91476E902}.Release|Any CPU.Build.0 = Release|Any CPU
		{1DEA19E0-788E-4EFA-98D4-7D0E625375F6}.Debug|Any CPU.ActiveCfg = Debug|Any CPU
		{1DEA19E0-788E-4EFA-98D4-7D0E625375F6}.Debug|Any CPU.Build.0 = Debug|Any CPU
		{1DEA19E0-788E-4EFA-98D4-7D0E625375F6}.Release|Any CPU.ActiveCfg = Release|Any CPU
		{1DEA19E0-788E-4EFA-98D4-7D0E625375F6}.Release|Any CPU.Build.0 = Release|Any CPU
		{E6F05303-2713-4109-AE21-94C0FAE615DA}.Debug|Any CPU.ActiveCfg = Debug|Any CPU
		{E6F05303-2713-4109-AE21-94C0FAE615DA}.Debug|Any CPU.Build.0 = Debug|Any CPU
		{E6F05303-2713-4109-AE21-94C0FAE615DA}.Release|Any CPU.ActiveCfg = Release|Any CPU
		{E6F05303-2713-4109-AE21-94C0FAE615DA}.Release|Any CPU.Build.0 = Release|Any CPU
		{1E4888ED-2017-427D-AE66-9534ED45E147}.Debug|Any CPU.ActiveCfg = Debug|Any CPU
		{1E4888ED-2017-427D-AE66-9534ED45E147}.Debug|Any CPU.Build.0 = Debug|Any CPU
		{1E4888ED-2017-427D-AE66-9534ED45E147}.Release|Any CPU.ActiveCfg = Release|Any CPU
		{1E4888ED-2017-427D-AE66-9534ED45E147}.Release|Any CPU.Build.0 = Release|Any CPU
		{4C8AC6FE-C775-41EC-AAA4-E63F7DA9819D}.Debug|Any CPU.ActiveCfg = Debug|Any CPU
		{4C8AC6FE-C775-41EC-AAA4-E63F7DA9819D}.Debug|Any CPU.Build.0 = Debug|Any CPU
		{4C8AC6FE-C775-41EC-AAA4-E63F7DA9819D}.Release|Any CPU.ActiveCfg = Release|Any CPU
		{4C8AC6FE-C775-41EC-AAA4-E63F7DA9819D}.Release|Any CPU.Build.0 = Release|Any CPU
		{B83DBF93-842F-4408-8A71-344C5AA0474B}.Debug|Any CPU.ActiveCfg = Debug|Any CPU
		{B83DBF93-842F-4408-8A71-344C5AA0474B}.Debug|Any CPU.Build.0 = Debug|Any CPU
		{B83DBF93-842F-4408-8A71-344C5AA0474B}.Release|Any CPU.ActiveCfg = Release|Any CPU
		{B83DBF93-842F-4408-8A71-344C5AA0474B}.Release|Any CPU.Build.0 = Release|Any CPU
		{C9169AB5-F76D-4931-9DB0-FBAE9F367791}.Debug|Any CPU.ActiveCfg = Debug|Any CPU
		{C9169AB5-F76D-4931-9DB0-FBAE9F367791}.Debug|Any CPU.Build.0 = Debug|Any CPU
		{C9169AB5-F76D-4931-9DB0-FBAE9F367791}.Release|Any CPU.ActiveCfg = Release|Any CPU
		{C9169AB5-F76D-4931-9DB0-FBAE9F367791}.Release|Any CPU.Build.0 = Release|Any CPU
		{67F68FBC-D15F-4CAD-8975-3B9AF993267B}.Debug|Any CPU.ActiveCfg = Debug|Any CPU
		{67F68FBC-D15F-4CAD-8975-3B9AF993267B}.Debug|Any CPU.Build.0 = Debug|Any CPU
		{67F68FBC-D15F-4CAD-8975-3B9AF993267B}.Release|Any CPU.ActiveCfg = Release|Any CPU
		{67F68FBC-D15F-4CAD-8975-3B9AF993267B}.Release|Any CPU.Build.0 = Release|Any CPU
	EndGlobalSection
	GlobalSection(SolutionProperties) = preSolution
		HideSolutionNode = FALSE
	EndGlobalSection
	GlobalSection(NestedProjects) = preSolution
		{84544A1C-58E2-43DB-AEE2-F35E9B5307F6} = {3050529C-B2A9-4C1A-B715-EFCFF069F399}
		{7CF46FB7-2396-4C6E-A74F-13D61173EA41} = {3050529C-B2A9-4C1A-B715-EFCFF069F399}
		{BAD76903-9CF0-4BA4-B059-4C0B0C5BFA82} = {3050529C-B2A9-4C1A-B715-EFCFF069F399}
		{1AA6B3CE-D8CE-4BF0-A48A-A3277874B7C0} = {3050529C-B2A9-4C1A-B715-EFCFF069F399}
		{E6F05303-2713-4109-AE21-94C0FAE615DA} = {3050529C-B2A9-4C1A-B715-EFCFF069F399}
		{3F65547F-9090-4C02-AF6D-F105B3C07CC7} = {DDB4BCF2-1794-49EF-8543-DBE60B84FBCF}
		{E24755CB-695B-486E-94C7-97D91476E902} = {DDB4BCF2-1794-49EF-8543-DBE60B84FBCF}
		{6E46E81A-09D5-42BA-84E3-2352DD399330} = {DDB4BCF2-1794-49EF-8543-DBE60B84FBCF}
		{C9169AB5-F76D-4931-9DB0-FBAE9F367791} = {DDB4BCF2-1794-49EF-8543-DBE60B84FBCF}
		{5A0F33E9-4915-4FE0-9BCE-80F873C47FEF} = {BAD76903-9CF0-4BA4-B059-4C0B0C5BFA82}
		{1DEA19E0-788E-4EFA-98D4-7D0E625375F6} = {6E46E81A-09D5-42BA-84E3-2352DD399330}
		{67F68FBC-D15F-4CAD-8975-3B9AF993267B} = {6E46E81A-09D5-42BA-84E3-2352DD399330}
		{1E4888ED-2017-427D-AE66-9534ED45E147} = {1AA6B3CE-D8CE-4BF0-A48A-A3277874B7C0}
		{4C8AC6FE-C775-41EC-AAA4-E63F7DA9819D} = {1AA6B3CE-D8CE-4BF0-A48A-A3277874B7C0}
		{B83DBF93-842F-4408-8A71-344C5AA0474B} = {1AA6B3CE-D8CE-4BF0-A48A-A3277874B7C0}
	EndGlobalSection
EndGlobal
